// !$*UTF8*$!
{
	archiveVersion = 1;
	classes = {
	};
	objectVersion = 50;
	objects = {

/* Begin PBXBuildFile section */
		5A62717F209B25CA009AFA24 /* AppDelegate.swift in Sources */ = {isa = PBXBuildFile; fileRef = 5A62717E209B25CA009AFA24 /* AppDelegate.swift */; };
		5A627181209B25CA009AFA24 /* ViewController.swift in Sources */ = {isa = PBXBuildFile; fileRef = 5A627180209B25CA009AFA24 /* ViewController.swift */; };
		5A627184209B25CA009AFA24 /* Main.storyboard in Resources */ = {isa = PBXBuildFile; fileRef = 5A627182209B25CA009AFA24 /* Main.storyboard */; };
		5A627186209B25D3009AFA24 /* Assets.xcassets in Resources */ = {isa = PBXBuildFile; fileRef = 5A627185209B25D3009AFA24 /* Assets.xcassets */; };
		5A627189209B25D3009AFA24 /* LaunchScreen.storyboard in Resources */ = {isa = PBXBuildFile; fileRef = 5A627187209B25D3009AFA24 /* LaunchScreen.storyboard */; };
		5A62719B209B2605009AFA24 /* RupeSoKeyboardV1.appex in Embed App Extensions */ = {isa = PBXBuildFile; fileRef = 5A627194209B2604009AFA24 /* RupeSoKeyboardV1.appex */; settings = {ATTRIBUTES = (RemoveHeadersOnCopy, ); }; };
		5A6271A2209B2683009AFA24 /* DefaultKeyboard.swift in Sources */ = {isa = PBXBuildFile; fileRef = 5A6271A1209B2683009AFA24 /* DefaultKeyboard.swift */; };
		5A6271A4209B26C0009AFA24 /* DirectionEnum.swift in Sources */ = {isa = PBXBuildFile; fileRef = 5A6271A3209B26C0009AFA24 /* DirectionEnum.swift */; };
		5A6271A6209B26EF009AFA24 /* ExtraView.swift in Sources */ = {isa = PBXBuildFile; fileRef = 5A6271A5209B26EF009AFA24 /* ExtraView.swift */; };
		5A6271A8209B271B009AFA24 /* ForwardingView.swift in Sources */ = {isa = PBXBuildFile; fileRef = 5A6271A7209B271B009AFA24 /* ForwardingView.swift */; };
		5A6271AA209B273E009AFA24 /* ImageKey.swift in Sources */ = {isa = PBXBuildFile; fileRef = 5A6271A9209B273E009AFA24 /* ImageKey.swift */; };
		5A6271AC209B2775009AFA24 /* KeyboardConnector.swift in Sources */ = {isa = PBXBuildFile; fileRef = 5A6271AB209B2775009AFA24 /* KeyboardConnector.swift */; };
		5A6271AE209B27A0009AFA24 /* KeyboardInputTraits.swift in Sources */ = {isa = PBXBuildFile; fileRef = 5A6271AD209B27A0009AFA24 /* KeyboardInputTraits.swift */; };
		5A6271B0209B27C3009AFA24 /* KeyboardKey.swift in Sources */ = {isa = PBXBuildFile; fileRef = 5A6271AF209B27C3009AFA24 /* KeyboardKey.swift */; };
		5A6271B2209B27FF009AFA24 /* KeyboardKeyBackground.swift in Sources */ = {isa = PBXBuildFile; fileRef = 5A6271B1209B27FF009AFA24 /* KeyboardKeyBackground.swift */; };
		5A6271B4209B2824009AFA24 /* KeyboardLayout.swift in Sources */ = {isa = PBXBuildFile; fileRef = 5A6271B3209B2824009AFA24 /* KeyboardLayout.swift */; };
		5A6271B6209B2843009AFA24 /* KeyboardModel.swift in Sources */ = {isa = PBXBuildFile; fileRef = 5A6271B5209B2843009AFA24 /* KeyboardModel.swift */; };
		5A6271B8209B2869009AFA24 /* KeyboardViewController.swift in Sources */ = {isa = PBXBuildFile; fileRef = 5A6271B7209B2869009AFA24 /* KeyboardViewController.swift */; };
		5A6271BA209B288F009AFA24 /* Shapes.swift in Sources */ = {isa = PBXBuildFile; fileRef = 5A6271B9209B288F009AFA24 /* Shapes.swift */; };
		5A6271BC209B28AB009AFA24 /* Utilities.swift in Sources */ = {isa = PBXBuildFile; fileRef = 5A6271BB209B28AB009AFA24 /* Utilities.swift */; };
		5A6271BD209B28C4009AFA24 /* Assets.xcassets in Resources */ = {isa = PBXBuildFile; fileRef = 5A627185209B25D3009AFA24 /* Assets.xcassets */; };
		5A6271C0209B293F009AFA24 /* Extensions.swift in Sources */ = {isa = PBXBuildFile; fileRef = 5A6271BF209B293F009AFA24 /* Extensions.swift */; };
		5A6271C2209B2969009AFA24 /* ContactsVC.swift in Sources */ = {isa = PBXBuildFile; fileRef = 5A6271C1209B2969009AFA24 /* ContactsVC.swift */; };
		5A6271C4209B298C009AFA24 /* FinalVC.swift in Sources */ = {isa = PBXBuildFile; fileRef = 5A6271C3209B298C009AFA24 /* FinalVC.swift */; };
		5A6271C6209B29A1009AFA24 /* MainVC.swift in Sources */ = {isa = PBXBuildFile; fileRef = 5A6271C5209B29A1009AFA24 /* MainVC.swift */; };
		5A6271C8209B29BE009AFA24 /* ProcessVC.swift in Sources */ = {isa = PBXBuildFile; fileRef = 5A6271C7209B29BE009AFA24 /* ProcessVC.swift */; };
		5A6271CA209B29DB009AFA24 /* ResultVC.swift in Sources */ = {isa = PBXBuildFile; fileRef = 5A6271C9209B29DB009AFA24 /* ResultVC.swift */; };
		5A6271CC209B29F6009AFA24 /* WalletIDVC.swift in Sources */ = {isa = PBXBuildFile; fileRef = 5A6271CB209B29F6009AFA24 /* WalletIDVC.swift */; };
/* End PBXBuildFile section */

/* Begin PBXContainerItemProxy section */
		5A627199209B2605009AFA24 /* PBXContainerItemProxy */ = {
			isa = PBXContainerItemProxy;
			containerPortal = 5A627173209B25CA009AFA24 /* Project object */;
			proxyType = 1;
			remoteGlobalIDString = 5A627193209B2604009AFA24;
			remoteInfo = RupeSoKeyboardV1;
		};
/* End PBXContainerItemProxy section */

/* Begin PBXCopyFilesBuildPhase section */
		5A62719F209B2605009AFA24 /* Embed App Extensions */ = {
			isa = PBXCopyFilesBuildPhase;
			buildActionMask = 2147483647;
			dstPath = "";
			dstSubfolderSpec = 13;
			files = (
				5A62719B209B2605009AFA24 /* RupeSoKeyboardV1.appex in Embed App Extensions */,
			);
			name = "Embed App Extensions";
			runOnlyForDeploymentPostprocessing = 0;
		};
/* End PBXCopyFilesBuildPhase section */

/* Begin PBXFileReference section */
		5A62717B209B25CA009AFA24 /* RupeSoKeyboard.app */ = {isa = PBXFileReference; explicitFileType = wrapper.application; includeInIndex = 0; path = RupeSoKeyboard.app; sourceTree = BUILT_PRODUCTS_DIR; };
		5A62717E209B25CA009AFA24 /* AppDelegate.swift */ = {isa = PBXFileReference; lastKnownFileType = sourcecode.swift; path = AppDelegate.swift; sourceTree = "<group>"; };
		5A627180209B25CA009AFA24 /* ViewController.swift */ = {isa = PBXFileReference; lastKnownFileType = sourcecode.swift; path = ViewController.swift; sourceTree = "<group>"; };
		5A627183209B25CA009AFA24 /* Base */ = {isa = PBXFileReference; lastKnownFileType = file.storyboard; name = Base; path = Base.lproj/Main.storyboard; sourceTree = "<group>"; };
		5A627185209B25D3009AFA24 /* Assets.xcassets */ = {isa = PBXFileReference; lastKnownFileType = folder.assetcatalog; path = Assets.xcassets; sourceTree = "<group>"; };
		5A627188209B25D3009AFA24 /* Base */ = {isa = PBXFileReference; lastKnownFileType = file.storyboard; name = Base; path = Base.lproj/LaunchScreen.storyboard; sourceTree = "<group>"; };
		5A62718A209B25D3009AFA24 /* Info.plist */ = {isa = PBXFileReference; lastKnownFileType = text.plist.xml; path = Info.plist; sourceTree = "<group>"; };
		5A627194209B2604009AFA24 /* RupeSoKeyboardV1.appex */ = {isa = PBXFileReference; explicitFileType = "wrapper.app-extension"; includeInIndex = 0; path = RupeSoKeyboardV1.appex; sourceTree = BUILT_PRODUCTS_DIR; };
		5A627198209B2605009AFA24 /* Info.plist */ = {isa = PBXFileReference; lastKnownFileType = text.plist.xml; path = Info.plist; sourceTree = "<group>"; };
		5A6271A1209B2683009AFA24 /* DefaultKeyboard.swift */ = {isa = PBXFileReference; lastKnownFileType = sourcecode.swift; path = DefaultKeyboard.swift; sourceTree = "<group>"; };
		5A6271A3209B26C0009AFA24 /* DirectionEnum.swift */ = {isa = PBXFileReference; lastKnownFileType = sourcecode.swift; path = DirectionEnum.swift; sourceTree = "<group>"; };
		5A6271A5209B26EF009AFA24 /* ExtraView.swift */ = {isa = PBXFileReference; lastKnownFileType = sourcecode.swift; path = ExtraView.swift; sourceTree = "<group>"; };
		5A6271A7209B271B009AFA24 /* ForwardingView.swift */ = {isa = PBXFileReference; lastKnownFileType = sourcecode.swift; path = ForwardingView.swift; sourceTree = "<group>"; };
		5A6271A9209B273E009AFA24 /* ImageKey.swift */ = {isa = PBXFileReference; lastKnownFileType = sourcecode.swift; path = ImageKey.swift; sourceTree = "<group>"; };
		5A6271AB209B2775009AFA24 /* KeyboardConnector.swift */ = {isa = PBXFileReference; lastKnownFileType = sourcecode.swift; path = KeyboardConnector.swift; sourceTree = "<group>"; };
		5A6271AD209B27A0009AFA24 /* KeyboardInputTraits.swift */ = {isa = PBXFileReference; lastKnownFileType = sourcecode.swift; path = KeyboardInputTraits.swift; sourceTree = "<group>"; };
		5A6271AF209B27C3009AFA24 /* KeyboardKey.swift */ = {isa = PBXFileReference; lastKnownFileType = sourcecode.swift; path = KeyboardKey.swift; sourceTree = "<group>"; };
		5A6271B1209B27FF009AFA24 /* KeyboardKeyBackground.swift */ = {isa = PBXFileReference; lastKnownFileType = sourcecode.swift; path = KeyboardKeyBackground.swift; sourceTree = "<group>"; };
		5A6271B3209B2824009AFA24 /* KeyboardLayout.swift */ = {isa = PBXFileReference; lastKnownFileType = sourcecode.swift; path = KeyboardLayout.swift; sourceTree = "<group>"; };
		5A6271B5209B2843009AFA24 /* KeyboardModel.swift */ = {isa = PBXFileReference; lastKnownFileType = sourcecode.swift; path = KeyboardModel.swift; sourceTree = "<group>"; };
		5A6271B7209B2869009AFA24 /* KeyboardViewController.swift */ = {isa = PBXFileReference; lastKnownFileType = sourcecode.swift; path = KeyboardViewController.swift; sourceTree = "<group>"; };
		5A6271B9209B288F009AFA24 /* Shapes.swift */ = {isa = PBXFileReference; lastKnownFileType = sourcecode.swift; path = Shapes.swift; sourceTree = "<group>"; };
		5A6271BB209B28AB009AFA24 /* Utilities.swift */ = {isa = PBXFileReference; lastKnownFileType = sourcecode.swift; path = Utilities.swift; sourceTree = "<group>"; };
		5A6271BF209B293F009AFA24 /* Extensions.swift */ = {isa = PBXFileReference; lastKnownFileType = sourcecode.swift; path = Extensions.swift; sourceTree = "<group>"; };
		5A6271C1209B2969009AFA24 /* ContactsVC.swift */ = {isa = PBXFileReference; lastKnownFileType = sourcecode.swift; path = ContactsVC.swift; sourceTree = "<group>"; };
		5A6271C3209B298C009AFA24 /* FinalVC.swift */ = {isa = PBXFileReference; lastKnownFileType = sourcecode.swift; path = FinalVC.swift; sourceTree = "<group>"; };
		5A6271C5209B29A1009AFA24 /* MainVC.swift */ = {isa = PBXFileReference; lastKnownFileType = sourcecode.swift; path = MainVC.swift; sourceTree = "<group>"; };
		5A6271C7209B29BE009AFA24 /* ProcessVC.swift */ = {isa = PBXFileReference; lastKnownFileType = sourcecode.swift; path = ProcessVC.swift; sourceTree = "<group>"; };
		5A6271C9209B29DB009AFA24 /* ResultVC.swift */ = {isa = PBXFileReference; lastKnownFileType = sourcecode.swift; path = ResultVC.swift; sourceTree = "<group>"; };
		5A6271CB209B29F6009AFA24 /* WalletIDVC.swift */ = {isa = PBXFileReference; lastKnownFileType = sourcecode.swift; path = WalletIDVC.swift; sourceTree = "<group>"; };
/* End PBXFileReference section */

/* Begin PBXFrameworksBuildPhase section */
		5A627178209B25CA009AFA24 /* Frameworks */ = {
			isa = PBXFrameworksBuildPhase;
			buildActionMask = 2147483647;
			files = (
			);
			runOnlyForDeploymentPostprocessing = 0;
		};
		5A627191209B2604009AFA24 /* Frameworks */ = {
			isa = PBXFrameworksBuildPhase;
			buildActionMask = 2147483647;
			files = (
			);
			runOnlyForDeploymentPostprocessing = 0;
		};
/* End PBXFrameworksBuildPhase section */

/* Begin PBXGroup section */
		5A627172209B25CA009AFA24 = {
			isa = PBXGroup;
			children = (
				5A62717D209B25CA009AFA24 /* RupeSoKeyboard */,
				5A627195209B2605009AFA24 /* RupeSoKeyboardV1 */,
				5A62717C209B25CA009AFA24 /* Products */,
			);
			sourceTree = "<group>";
		};
		5A62717C209B25CA009AFA24 /* Products */ = {
			isa = PBXGroup;
			children = (
				5A62717B209B25CA009AFA24 /* RupeSoKeyboard.app */,
				5A627194209B2604009AFA24 /* RupeSoKeyboardV1.appex */,
			);
			name = Products;
			sourceTree = "<group>";
		};
		5A62717D209B25CA009AFA24 /* RupeSoKeyboard */ = {
			isa = PBXGroup;
			children = (
				5A62717E209B25CA009AFA24 /* AppDelegate.swift */,
				5A627180209B25CA009AFA24 /* ViewController.swift */,
				5A627182209B25CA009AFA24 /* Main.storyboard */,
				5A627185209B25D3009AFA24 /* Assets.xcassets */,
				5A627187209B25D3009AFA24 /* LaunchScreen.storyboard */,
				5A62718A209B25D3009AFA24 /* Info.plist */,
			);
			path = RupeSoKeyboard;
			sourceTree = "<group>";
		};
		5A627195209B2605009AFA24 /* RupeSoKeyboardV1 */ = {
			isa = PBXGroup;
			children = (
				5A6271BE209B291D009AFA24 /* ContainerChildVCs */,
				5A6271A0209B2623009AFA24 /* Keyboard */,
				5A627198209B2605009AFA24 /* Info.plist */,
			);
			path = RupeSoKeyboardV1;
			sourceTree = "<group>";
		};
		5A6271A0209B2623009AFA24 /* Keyboard */ = {
			isa = PBXGroup;
			children = (
				5A6271A1209B2683009AFA24 /* DefaultKeyboard.swift */,
				5A6271A3209B26C0009AFA24 /* DirectionEnum.swift */,
				5A6271A5209B26EF009AFA24 /* ExtraView.swift */,
				5A6271A7209B271B009AFA24 /* ForwardingView.swift */,
				5A6271A9209B273E009AFA24 /* ImageKey.swift */,
				5A6271AB209B2775009AFA24 /* KeyboardConnector.swift */,
				5A6271AD209B27A0009AFA24 /* KeyboardInputTraits.swift */,
				5A6271AF209B27C3009AFA24 /* KeyboardKey.swift */,
				5A6271B1209B27FF009AFA24 /* KeyboardKeyBackground.swift */,
				5A6271B3209B2824009AFA24 /* KeyboardLayout.swift */,
				5A6271B5209B2843009AFA24 /* KeyboardModel.swift */,
				5A6271B7209B2869009AFA24 /* KeyboardViewController.swift */,
				5A6271B9209B288F009AFA24 /* Shapes.swift */,
				5A6271BB209B28AB009AFA24 /* Utilities.swift */,
			);
			path = Keyboard;
			sourceTree = "<group>";
		};
		5A6271BE209B291D009AFA24 /* ContainerChildVCs */ = {
			isa = PBXGroup;
			children = (
				5A6271BF209B293F009AFA24 /* Extensions.swift */,
				5A6271C1209B2969009AFA24 /* ContactsVC.swift */,
				5A6271C3209B298C009AFA24 /* FinalVC.swift */,
				5A6271C5209B29A1009AFA24 /* MainVC.swift */,
				5A6271C7209B29BE009AFA24 /* ProcessVC.swift */,
				5A6271C9209B29DB009AFA24 /* ResultVC.swift */,
				5A6271CB209B29F6009AFA24 /* WalletIDVC.swift */,
			);
			path = ContainerChildVCs;
			sourceTree = "<group>";
		};
/* End PBXGroup section */

/* Begin PBXNativeTarget section */
		5A62717A209B25CA009AFA24 /* RupeSoKeyboard */ = {
			isa = PBXNativeTarget;
			buildConfigurationList = 5A62718D209B25D3009AFA24 /* Build configuration list for PBXNativeTarget "RupeSoKeyboard" */;
			buildPhases = (
				5A627177209B25CA009AFA24 /* Sources */,
				5A627178209B25CA009AFA24 /* Frameworks */,
				5A627179209B25CA009AFA24 /* Resources */,
				5A62719F209B2605009AFA24 /* Embed App Extensions */,
			);
			buildRules = (
			);
			dependencies = (
				5A62719A209B2605009AFA24 /* PBXTargetDependency */,
			);
			name = RupeSoKeyboard;
			productName = RupeSoKeyboard;
			productReference = 5A62717B209B25CA009AFA24 /* RupeSoKeyboard.app */;
			productType = "com.apple.product-type.application";
		};
		5A627193209B2604009AFA24 /* RupeSoKeyboardV1 */ = {
			isa = PBXNativeTarget;
			buildConfigurationList = 5A62719C209B2605009AFA24 /* Build configuration list for PBXNativeTarget "RupeSoKeyboardV1" */;
			buildPhases = (
				5A627190209B2604009AFA24 /* Sources */,
				5A627191209B2604009AFA24 /* Frameworks */,
				5A627192209B2604009AFA24 /* Resources */,
			);
			buildRules = (
			);
			dependencies = (
			);
			name = RupeSoKeyboardV1;
			productName = RupeSoKeyboardV1;
			productReference = 5A627194209B2604009AFA24 /* RupeSoKeyboardV1.appex */;
			productType = "com.apple.product-type.app-extension";
		};
/* End PBXNativeTarget section */

/* Begin PBXProject section */
		5A627173209B25CA009AFA24 /* Project object */ = {
			isa = PBXProject;
			attributes = {
				LastSwiftUpdateCheck = 0930;
				LastUpgradeCheck = 0930;
				ORGANIZATIONNAME = "Leela Prasad";
				TargetAttributes = {
					5A62717A209B25CA009AFA24 = {
						CreatedOnToolsVersion = 9.3;
					};
					5A627193209B2604009AFA24 = {
						CreatedOnToolsVersion = 9.3;
						LastSwiftMigration = 0930;
					};
				};
			};
			buildConfigurationList = 5A627176209B25CA009AFA24 /* Build configuration list for PBXProject "RupeSoKeyboard" */;
			compatibilityVersion = "Xcode 9.3";
			developmentRegion = en;
			hasScannedForEncodings = 0;
			knownRegions = (
				en,
				Base,
			);
			mainGroup = 5A627172209B25CA009AFA24;
			productRefGroup = 5A62717C209B25CA009AFA24 /* Products */;
			projectDirPath = "";
			projectRoot = "";
			targets = (
				5A62717A209B25CA009AFA24 /* RupeSoKeyboard */,
				5A627193209B2604009AFA24 /* RupeSoKeyboardV1 */,
			);
		};
/* End PBXProject section */

/* Begin PBXResourcesBuildPhase section */
		5A627179209B25CA009AFA24 /* Resources */ = {
			isa = PBXResourcesBuildPhase;
			buildActionMask = 2147483647;
			files = (
				5A627189209B25D3009AFA24 /* LaunchScreen.storyboard in Resources */,
				5A627186209B25D3009AFA24 /* Assets.xcassets in Resources */,
				5A627184209B25CA009AFA24 /* Main.storyboard in Resources */,
			);
			runOnlyForDeploymentPostprocessing = 0;
		};
		5A627192209B2604009AFA24 /* Resources */ = {
			isa = PBXResourcesBuildPhase;
			buildActionMask = 2147483647;
			files = (
				5A6271BD209B28C4009AFA24 /* Assets.xcassets in Resources */,
			);
			runOnlyForDeploymentPostprocessing = 0;
		};
/* End PBXResourcesBuildPhase section */

/* Begin PBXSourcesBuildPhase section */
		5A627177209B25CA009AFA24 /* Sources */ = {
			isa = PBXSourcesBuildPhase;
			buildActionMask = 2147483647;
			files = (
				5A627181209B25CA009AFA24 /* ViewController.swift in Sources */,
				5A62717F209B25CA009AFA24 /* AppDelegate.swift in Sources */,
			);
			runOnlyForDeploymentPostprocessing = 0;
		};
		5A627190209B2604009AFA24 /* Sources */ = {
			isa = PBXSourcesBuildPhase;
			buildActionMask = 2147483647;
			files = (
				5A6271AC209B2775009AFA24 /* KeyboardConnector.swift in Sources */,
				5A6271A4209B26C0009AFA24 /* DirectionEnum.swift in Sources */,
				5A6271BC209B28AB009AFA24 /* Utilities.swift in Sources */,
				5A6271C4209B298C009AFA24 /* FinalVC.swift in Sources */,
				5A6271C2209B2969009AFA24 /* ContactsVC.swift in Sources */,
				5A6271CA209B29DB009AFA24 /* ResultVC.swift in Sources */,
				5A6271B4209B2824009AFA24 /* KeyboardLayout.swift in Sources */,
				5A6271C8209B29BE009AFA24 /* ProcessVC.swift in Sources */,
				5A6271B2209B27FF009AFA24 /* KeyboardKeyBackground.swift in Sources */,
				5A6271AA209B273E009AFA24 /* ImageKey.swift in Sources */,
				5A6271AE209B27A0009AFA24 /* KeyboardInputTraits.swift in Sources */,
				5A6271A8209B271B009AFA24 /* ForwardingView.swift in Sources */,
				5A6271B8209B2869009AFA24 /* KeyboardViewController.swift in Sources */,
				5A6271B6209B2843009AFA24 /* KeyboardModel.swift in Sources */,
				5A6271CC209B29F6009AFA24 /* WalletIDVC.swift in Sources */,
				5A6271C0209B293F009AFA24 /* Extensions.swift in Sources */,
				5A6271C6209B29A1009AFA24 /* MainVC.swift in Sources */,
				5A6271A6209B26EF009AFA24 /* ExtraView.swift in Sources */,
				5A6271BA209B288F009AFA24 /* Shapes.swift in Sources */,
				5A6271B0209B27C3009AFA24 /* KeyboardKey.swift in Sources */,
				5A6271A2209B2683009AFA24 /* DefaultKeyboard.swift in Sources */,
			);
			runOnlyForDeploymentPostprocessing = 0;
		};
/* End PBXSourcesBuildPhase section */

/* Begin PBXTargetDependency section */
		5A62719A209B2605009AFA24 /* PBXTargetDependency */ = {
			isa = PBXTargetDependency;
			target = 5A627193209B2604009AFA24 /* RupeSoKeyboardV1 */;
			targetProxy = 5A627199209B2605009AFA24 /* PBXContainerItemProxy */;
		};
/* End PBXTargetDependency section */

/* Begin PBXVariantGroup section */
		5A627182209B25CA009AFA24 /* Main.storyboard */ = {
			isa = PBXVariantGroup;
			children = (
				5A627183209B25CA009AFA24 /* Base */,
			);
			name = Main.storyboard;
			sourceTree = "<group>";
		};
		5A627187209B25D3009AFA24 /* LaunchScreen.storyboard */ = {
			isa = PBXVariantGroup;
			children = (
				5A627188209B25D3009AFA24 /* Base */,
			);
			name = LaunchScreen.storyboard;
			sourceTree = "<group>";
		};
/* End PBXVariantGroup section */

/* Begin XCBuildConfiguration section */
		5A62718B209B25D3009AFA24 /* Debug */ = {
			isa = XCBuildConfiguration;
			buildSettings = {
				ALWAYS_SEARCH_USER_PATHS = NO;
				CLANG_ANALYZER_NONNULL = YES;
				CLANG_ANALYZER_NUMBER_OBJECT_CONVERSION = YES_AGGRESSIVE;
				CLANG_CXX_LANGUAGE_STANDARD = "gnu++14";
				CLANG_CXX_LIBRARY = "libc++";
				CLANG_ENABLE_MODULES = YES;
				CLANG_ENABLE_OBJC_ARC = YES;
				CLANG_ENABLE_OBJC_WEAK = YES;
				CLANG_WARN_BLOCK_CAPTURE_AUTORELEASING = YES;
				CLANG_WARN_BOOL_CONVERSION = YES;
				CLANG_WARN_COMMA = YES;
				CLANG_WARN_CONSTANT_CONVERSION = YES;
				CLANG_WARN_DEPRECATED_OBJC_IMPLEMENTATIONS = YES;
				CLANG_WARN_DIRECT_OBJC_ISA_USAGE = YES_ERROR;
				CLANG_WARN_DOCUMENTATION_COMMENTS = YES;
				CLANG_WARN_EMPTY_BODY = YES;
				CLANG_WARN_ENUM_CONVERSION = YES;
				CLANG_WARN_INFINITE_RECURSION = YES;
				CLANG_WARN_INT_CONVERSION = YES;
				CLANG_WARN_NON_LITERAL_NULL_CONVERSION = YES;
				CLANG_WARN_OBJC_IMPLICIT_RETAIN_SELF = YES;
				CLANG_WARN_OBJC_LITERAL_CONVERSION = YES;
				CLANG_WARN_OBJC_ROOT_CLASS = YES_ERROR;
				CLANG_WARN_RANGE_LOOP_ANALYSIS = YES;
				CLANG_WARN_STRICT_PROTOTYPES = YES;
				CLANG_WARN_SUSPICIOUS_MOVE = YES;
				CLANG_WARN_UNGUARDED_AVAILABILITY = YES_AGGRESSIVE;
				CLANG_WARN_UNREACHABLE_CODE = YES;
				CLANG_WARN__DUPLICATE_METHOD_MATCH = YES;
				CODE_SIGN_IDENTITY = "iPhone Developer";
				COPY_PHASE_STRIP = NO;
				DEBUG_INFORMATION_FORMAT = dwarf;
				ENABLE_STRICT_OBJC_MSGSEND = YES;
				ENABLE_TESTABILITY = YES;
				GCC_C_LANGUAGE_STANDARD = gnu11;
				GCC_DYNAMIC_NO_PIC = NO;
				GCC_NO_COMMON_BLOCKS = YES;
				GCC_OPTIMIZATION_LEVEL = 0;
				GCC_PREPROCESSOR_DEFINITIONS = (
					"DEBUG=1",
					"$(inherited)",
				);
				GCC_WARN_64_TO_32_BIT_CONVERSION = YES;
				GCC_WARN_ABOUT_RETURN_TYPE = YES_ERROR;
				GCC_WARN_UNDECLARED_SELECTOR = YES;
				GCC_WARN_UNINITIALIZED_AUTOS = YES_AGGRESSIVE;
				GCC_WARN_UNUSED_FUNCTION = YES;
				GCC_WARN_UNUSED_VARIABLE = YES;
				IPHONEOS_DEPLOYMENT_TARGET = 11.3;
				MTL_ENABLE_DEBUG_INFO = YES;
				ONLY_ACTIVE_ARCH = YES;
				SDKROOT = iphoneos;
				SWIFT_ACTIVE_COMPILATION_CONDITIONS = DEBUG;
				SWIFT_OPTIMIZATION_LEVEL = "-Onone";
			};
			name = Debug;
		};
		5A62718C209B25D3009AFA24 /* Release */ = {
			isa = XCBuildConfiguration;
			buildSettings = {
				ALWAYS_SEARCH_USER_PATHS = NO;
				CLANG_ANALYZER_NONNULL = YES;
				CLANG_ANALYZER_NUMBER_OBJECT_CONVERSION = YES_AGGRESSIVE;
				CLANG_CXX_LANGUAGE_STANDARD = "gnu++14";
				CLANG_CXX_LIBRARY = "libc++";
				CLANG_ENABLE_MODULES = YES;
				CLANG_ENABLE_OBJC_ARC = YES;
				CLANG_ENABLE_OBJC_WEAK = YES;
				CLANG_WARN_BLOCK_CAPTURE_AUTORELEASING = YES;
				CLANG_WARN_BOOL_CONVERSION = YES;
				CLANG_WARN_COMMA = YES;
				CLANG_WARN_CONSTANT_CONVERSION = YES;
				CLANG_WARN_DEPRECATED_OBJC_IMPLEMENTATIONS = YES;
				CLANG_WARN_DIRECT_OBJC_ISA_USAGE = YES_ERROR;
				CLANG_WARN_DOCUMENTATION_COMMENTS = YES;
				CLANG_WARN_EMPTY_BODY = YES;
				CLANG_WARN_ENUM_CONVERSION = YES;
				CLANG_WARN_INFINITE_RECURSION = YES;
				CLANG_WARN_INT_CONVERSION = YES;
				CLANG_WARN_NON_LITERAL_NULL_CONVERSION = YES;
				CLANG_WARN_OBJC_IMPLICIT_RETAIN_SELF = YES;
				CLANG_WARN_OBJC_LITERAL_CONVERSION = YES;
				CLANG_WARN_OBJC_ROOT_CLASS = YES_ERROR;
				CLANG_WARN_RANGE_LOOP_ANALYSIS = YES;
				CLANG_WARN_STRICT_PROTOTYPES = YES;
				CLANG_WARN_SUSPICIOUS_MOVE = YES;
				CLANG_WARN_UNGUARDED_AVAILABILITY = YES_AGGRESSIVE;
				CLANG_WARN_UNREACHABLE_CODE = YES;
				CLANG_WARN__DUPLICATE_METHOD_MATCH = YES;
				CODE_SIGN_IDENTITY = "iPhone Developer";
				COPY_PHASE_STRIP = NO;
				DEBUG_INFORMATION_FORMAT = "dwarf-with-dsym";
				ENABLE_NS_ASSERTIONS = NO;
				ENABLE_STRICT_OBJC_MSGSEND = YES;
				GCC_C_LANGUAGE_STANDARD = gnu11;
				GCC_NO_COMMON_BLOCKS = YES;
				GCC_WARN_64_TO_32_BIT_CONVERSION = YES;
				GCC_WARN_ABOUT_RETURN_TYPE = YES_ERROR;
				GCC_WARN_UNDECLARED_SELECTOR = YES;
				GCC_WARN_UNINITIALIZED_AUTOS = YES_AGGRESSIVE;
				GCC_WARN_UNUSED_FUNCTION = YES;
				GCC_WARN_UNUSED_VARIABLE = YES;
				IPHONEOS_DEPLOYMENT_TARGET = 11.3;
				MTL_ENABLE_DEBUG_INFO = NO;
				SDKROOT = iphoneos;
				SWIFT_COMPILATION_MODE = wholemodule;
				SWIFT_OPTIMIZATION_LEVEL = "-O";
				VALIDATE_PRODUCT = YES;
			};
			name = Release;
		};
		5A62718E209B25D3009AFA24 /* Debug */ = {
			isa = XCBuildConfiguration;
			buildSettings = {
				ALWAYS_EMBED_SWIFT_STANDARD_LIBRARIES = YES;
				ASSETCATALOG_COMPILER_APPICON_NAME = AppIcon;
				CODE_SIGN_STYLE = Automatic;
				DEVELOPMENT_TEAM = 5LC376D52F;
				INFOPLIST_FILE = RupeSoKeyboard/Info.plist;
				LD_RUNPATH_SEARCH_PATHS = (
					"$(inherited)",
					"@executable_path/Frameworks",
				);
				PRODUCT_BUNDLE_IDENTIFIER = ssss.RupeSoKeyboard;
				PRODUCT_NAME = "$(TARGET_NAME)";
				SWIFT_VERSION = 4.0;
				TARGETED_DEVICE_FAMILY = "1,2";
			};
			name = Debug;
		};
		5A62718F209B25D3009AFA24 /* Release */ = {
			isa = XCBuildConfiguration;
			buildSettings = {
				ALWAYS_EMBED_SWIFT_STANDARD_LIBRARIES = YES;
				ASSETCATALOG_COMPILER_APPICON_NAME = AppIcon;
				CODE_SIGN_STYLE = Automatic;
				DEVELOPMENT_TEAM = 5LC376D52F;
				INFOPLIST_FILE = RupeSoKeyboard/Info.plist;
				LD_RUNPATH_SEARCH_PATHS = (
					"$(inherited)",
					"@executable_path/Frameworks",
				);
				PRODUCT_BUNDLE_IDENTIFIER = ssss.RupeSoKeyboard;
				PRODUCT_NAME = "$(TARGET_NAME)";
				SWIFT_VERSION = 4.0;
				TARGETED_DEVICE_FAMILY = "1,2";
			};
			name = Release;
		};
		5A62719D209B2605009AFA24 /* Debug */ = {
			isa = XCBuildConfiguration;
			buildSettings = {
				CLANG_ENABLE_MODULES = YES;
				CODE_SIGN_STYLE = Automatic;
				DEVELOPMENT_TEAM = 5LC376D52F;
				INFOPLIST_FILE = RupeSoKeyboardV1/Info.plist;
				LD_RUNPATH_SEARCH_PATHS = (
					"$(inherited)",
					"@executable_path/Frameworks",
					"@executable_path/../../Frameworks",
				);
				PRODUCT_BUNDLE_IDENTIFIER = ssss.RupeSoKeyboard.RupeSoKeyboardV1;
				PRODUCT_NAME = "$(TARGET_NAME)";
				SKIP_INSTALL = YES;
				SWIFT_OPTIMIZATION_LEVEL = "-Onone";
				SWIFT_VERSION = 4.0;
				TARGETED_DEVICE_FAMILY = "1,2";
			};
			name = Debug;
		};
		5A62719E209B2605009AFA24 /* Release */ = {
			isa = XCBuildConfiguration;
			buildSettings = {
				CLANG_ENABLE_MODULES = YES;
				CODE_SIGN_STYLE = Automatic;
				DEVELOPMENT_TEAM = 5LC376D52F;
				INFOPLIST_FILE = RupeSoKeyboardV1/Info.plist;
				LD_RUNPATH_SEARCH_PATHS = (
					"$(inherited)",
					"@executable_path/Frameworks",
					"@executable_path/../../Frameworks",
				);
				PRODUCT_BUNDLE_IDENTIFIER = ssss.RupeSoKeyboard.RupeSoKeyboardV1;
				PRODUCT_NAME = "$(TARGET_NAME)";
				SKIP_INSTALL = YES;
				SWIFT_VERSION = 4.0;
				TARGETED_DEVICE_FAMILY = "1,2";
			};
			name = Release;
		};
/* End XCBuildConfiguration section */

/* Begin XCConfigurationList section */
		5A627176209B25CA009AFA24 /* Build configuration list for PBXProject "RupeSoKeyboard" */ = {
			isa = XCConfigurationList;
			buildConfigurations = (
				5A62718B209B25D3009AFA24 /* Debug */,
				5A62718C209B25D3009AFA24 /* Release */,
			);
			defaultConfigurationIsVisible = 0;
			defaultConfigurationName = Release;
		};
		5A62718D209B25D3009AFA24 /* Build configuration list for PBXNativeTarget "RupeSoKeyboard" */ = {
			isa = XCConfigurationList;
			buildConfigurations = (
				5A62718E209B25D3009AFA24 /* Debug */,
				5A62718F209B25D3009AFA24 /* Release */,
			);
			defaultConfigurationIsVisible = 0;
			defaultConfigurationName = Release;
		};
		5A62719C209B2605009AFA24 /* Build configuration list for PBXNativeTarget "RupeSoKeyboardV1" */ = {
			isa = XCConfigurationList;
			buildConfigurations = (
				5A62719D209B2605009AFA24 /* Debug */,
				5A62719E209B2605009AFA24 /* Release */,
			);
			defaultConfigurationIsVisible = 0;
			defaultConfigurationName = Release;
		};
/* End XCConfigurationList section */
	};
	rootObject = 5A627173209B25CA009AFA24 /* Project object */;
}
